
Microsoft Visual Studio Solution File, Format Version 12.00
# Visual Studio Version 17
VisualStudioVersion = 17.10.35027.167
MinimumVisualStudioVersion = 10.0.40219.1
Project("{FAE04EC0-301F-11D3-BF4B-00C04F79EFBC}") = "Ejercicio 1", "Ejercicio 1\Ejercicio 1.csproj", "{CEF474B3-43A7-4956-B992-86DAAF0244D1}"
EndProject
Project("{FAE04EC0-301F-11D3-BF4B-00C04F79EFBC}") = "Ejercicio2", "Ejercicio2\Ejercicio2.csproj", "{115CF023-A9BA-42DE-A727-705779082178}"
EndProject
Project("{FAE04EC0-301F-11D3-BF4B-00C04F79EFBC}") = "Ejercicio 3", "Ejercicio 3\Ejercicio 3.csproj", "{CB7B93D8-C4E6-40AA-A200-4794CF82B789}"
EndProject
Project("{FAE04EC0-301F-11D3-BF4B-00C04F79EFBC}") = "Ejercicio 4", "Ejercicio 4\Ejercicio 4.csproj", "{56A52731-4540-4AB9-9FEF-1476AE870D34}"
EndProject
Project("{FAE04EC0-301F-11D3-BF4B-00C04F79EFBC}") = "Ejercicio 5", "Ejercicio 5\Ejercicio 5.csproj", "{1D436D2D-7625-4039-B3B7-166557C976FC}"
EndProject
Project("{FAE04EC0-301F-11D3-BF4B-00C04F79EFBC}") = "Ejercicio 6", "Ejercicio 6\Ejercicio 6.csproj", "{693E49CF-60D3-4CC3-ADD8-53CAB6A0FFB2}"
EndProject
Global
	GlobalSection(SolutionConfigurationPlatforms) = preSolution
		Debug|Any CPU = Debug|Any CPU
		Release|Any CPU = Release|Any CPU
	EndGlobalSection
	GlobalSection(ProjectConfigurationPlatforms) = postSolution
		{CEF474B3-43A7-4956-B992-86DAAF0244D1}.Debug|Any CPU.ActiveCfg = Debug|Any CPU
		{CEF474B3-43A7-4956-B992-86DAAF0244D1}.Debug|Any CPU.Build.0 = Debug|Any CPU
		{CEF474B3-43A7-4956-B992-86DAAF0244D1}.Release|Any CPU.ActiveCfg = Release|Any CPU
		{CEF474B3-43A7-4956-B992-86DAAF0244D1}.Release|Any CPU.Build.0 = Release|Any CPU
		{115CF023-A9BA-42DE-A727-705779082178}.Debug|Any CPU.ActiveCfg = Debug|Any CPU
		{115CF023-A9BA-42DE-A727-705779082178}.Debug|Any CPU.Build.0 = Debug|Any CPU
		{115CF023-A9BA-42DE-A727-705779082178}.Release|Any CPU.ActiveCfg = Release|Any CPU
		{115CF023-A9BA-42DE-A727-705779082178}.Release|Any CPU.Build.0 = Release|Any CPU
		{CB7B93D8-C4E6-40AA-A200-4794CF82B789}.Debug|Any CPU.ActiveCfg = Debug|Any CPU
		{CB7B93D8-C4E6-40AA-A200-4794CF82B789}.Debug|Any CPU.Build.0 = Debug|Any CPU
		{CB7B93D8-C4E6-40AA-A200-4794CF82B789}.Release|Any CPU.ActiveCfg = Release|Any CPU
		{CB7B93D8-C4E6-40AA-A200-4794CF82B789}.Release|Any CPU.Build.0 = Release|Any CPU
		{56A52731-4540-4AB9-9FEF-1476AE870D34}.Debug|Any CPU.ActiveCfg = Debug|Any CPU
		{56A52731-4540-4AB9-9FEF-1476AE870D34}.Debug|Any CPU.Build.0 = Debug|Any CPU
		{56A52731-4540-4AB9-9FEF-1476AE870D34}.Release|Any CPU.ActiveCfg = Release|Any CPU
		{56A52731-4540-4AB9-9FEF-1476AE870D34}.Release|Any CPU.Build.0 = Release|Any CPU
		{1D436D2D-7625-4039-B3B7-166557C976FC}.Debug|Any CPU.ActiveCfg = Debug|Any CPU
		{1D436D2D-7625-4039-B3B7-166557C976FC}.Debug|Any CPU.Build.0 = Debug|Any CPU
		{1D436D2D-7625-4039-B3B7-166557C976FC}.Release|Any CPU.ActiveCfg = Release|Any CPU
		{1D436D2D-7625-4039-B3B7-166557C976FC}.Release|Any CPU.Build.0 = Release|Any CPU
		{693E49CF-60D3-4CC3-ADD8-53CAB6A0FFB2}.Debug|Any CPU.ActiveCfg = Debug|Any CPU
		{693E49CF-60D3-4CC3-ADD8-53CAB6A0FFB2}.Debug|Any CPU.Build.0 = Debug|Any CPU
		{693E49CF-60D3-4CC3-ADD8-53CAB6A0FFB2}.Release|Any CPU.ActiveCfg = Release|Any CPU
		{693E49CF-60D3-4CC3-ADD8-53CAB6A0FFB2}.Release|Any CPU.Build.0 = Release|Any CPU
	EndGlobalSection
	GlobalSection(SolutionProperties) = preSolution
		HideSolutionNode = FALSE
	EndGlobalSection
	GlobalSection(ExtensibilityGlobals) = postSolution
		SolutionGuid = {6A5D1508-7055-4BEA-9457-B87E07E72FC1}
	EndGlobalSection
EndGlobal
